// !$*UTF8*$!
{
	archiveVersion = 1;
	classes = {
	};
	objectVersion = 56;
	objects = {

/* Begin PBXBuildFile section */
		9580A60F2C2EC3B5006EB296 /* AudioRecorderRahulRApp.swift in Sources */ = {isa = PBXBuildFile; fileRef = 9580A60E2C2EC3B5006EB296 /* AudioRecorderRahulRApp.swift */; };
		9580A6112C2EC3B5006EB296 /* ContentView.swift in Sources */ = {isa = PBXBuildFile; fileRef = 9580A6102C2EC3B5006EB296 /* ContentView.swift */; };
		9580A6132C2EC3B6006EB296 /* Assets.xcassets in Resources */ = {isa = PBXBuildFile; fileRef = 9580A6122C2EC3B6006EB296 /* Assets.xcassets */; };
		9580A6162C2EC3B6006EB296 /* Preview Assets.xcassets in Resources */ = {isa = PBXBuildFile; fileRef = 9580A6152C2EC3B6006EB296 /* Preview Assets.xcassets */; };
		9580A6202C2EC3B6006EB296 /* AudioRecorderRahulRTests.swift in Sources */ = {isa = PBXBuildFile; fileRef = 9580A61F2C2EC3B6006EB296 /* AudioRecorderRahulRTests.swift */; };
		9580A62A2C2EC3B6006EB296 /* AudioRecorderRahulRUITests.swift in Sources */ = {isa = PBXBuildFile; fileRef = 9580A6292C2EC3B6006EB296 /* AudioRecorderRahulRUITests.swift */; };
		9580A62C2C2EC3B6006EB296 /* AudioRecorderRahulRUITestsLaunchTests.swift in Sources */ = {isa = PBXBuildFile; fileRef = 9580A62B2C2EC3B6006EB296 /* AudioRecorderRahulRUITestsLaunchTests.swift */; };
/* End PBXBuildFile section */

/* Begin PBXContainerItemProxy section */
		9580A61C2C2EC3B6006EB296 /* PBXContainerItemProxy */ = {
			isa = PBXContainerItemProxy;
			containerPortal = 9580A6032C2EC3B5006EB296 /* Project object */;
			proxyType = 1;
			remoteGlobalIDString = 9580A60A2C2EC3B5006EB296;
			remoteInfo = AudioRecorderRahulR;
		};
		9580A6262C2EC3B6006EB296 /* PBXContainerItemProxy */ = {
			isa = PBXContainerItemProxy;
			containerPortal = 9580A6032C2EC3B5006EB296 /* Project object */;
			proxyType = 1;
			remoteGlobalIDString = 9580A60A2C2EC3B5006EB296;
			remoteInfo = AudioRecorderRahulR;
		};
/* End PBXContainerItemProxy section */

/* Begin PBXFileReference section */
		9580A60B2C2EC3B5006EB296 /* AudioRecorderRahulR.app */ = {isa = PBXFileReference; explicitFileType = wrapper.application; includeInIndex = 0; path = AudioRecorderRahulR.app; sourceTree = BUILT_PRODUCTS_DIR; };
		9580A60E2C2EC3B5006EB296 /* AudioRecorderRahulRApp.swift */ = {isa = PBXFileReference; lastKnownFileType = sourcecode.swift; path = AudioRecorderRahulRApp.swift; sourceTree = "<group>"; };
		9580A6102C2EC3B5006EB296 /* ContentView.swift */ = {isa = PBXFileReference; lastKnownFileType = sourcecode.swift; path = ContentView.swift; sourceTree = "<group>"; };
		9580A6122C2EC3B6006EB296 /* Assets.xcassets */ = {isa = PBXFileReference; lastKnownFileType = folder.assetcatalog; path = Assets.xcassets; sourceTree = "<group>"; };
		9580A6152C2EC3B6006EB296 /* Preview Assets.xcassets */ = {isa = PBXFileReference; lastKnownFileType = folder.assetcatalog; path = "Preview Assets.xcassets"; sourceTree = "<group>"; };
		9580A61B2C2EC3B6006EB296 /* AudioRecorderRahulRTests.xctest */ = {isa = PBXFileReference; explicitFileType = wrapper.cfbundle; includeInIndex = 0; path = AudioRecorderRahulRTests.xctest; sourceTree = BUILT_PRODUCTS_DIR; };
		9580A61F2C2EC3B6006EB296 /* AudioRecorderRahulRTests.swift */ = {isa = PBXFileReference; lastKnownFileType = sourcecode.swift; path = AudioRecorderRahulRTests.swift; sourceTree = "<group>"; };
		9580A6252C2EC3B6006EB296 /* AudioRecorderRahulRUITests.xctest */ = {isa = PBXFileReference; explicitFileType = wrapper.cfbundle; includeInIndex = 0; path = AudioRecorderRahulRUITests.xctest; sourceTree = BUILT_PRODUCTS_DIR; };
		9580A6292C2EC3B6006EB296 /* AudioRecorderRahulRUITests.swift */ = {isa = PBXFileReference; lastKnownFileType = sourcecode.swift; path = AudioRecorderRahulRUITests.swift; sourceTree = "<group>"; };
		9580A62B2C2EC3B6006EB296 /* AudioRecorderRahulRUITestsLaunchTests.swift */ = {isa = PBXFileReference; lastKnownFileType = sourcecode.swift; path = AudioRecorderRahulRUITestsLaunchTests.swift; sourceTree = "<group>"; };
/* End PBXFileReference section */

/* Begin PBXFrameworksBuildPhase section */
		9580A6082C2EC3B5006EB296 /* Frameworks */ = {
			isa = PBXFrameworksBuildPhase;
			buildActionMask = 2147483647;
			files = (
			);
			runOnlyForDeploymentPostprocessing = 0;
		};
		9580A6182C2EC3B6006EB296 /* Frameworks */ = {
			isa = PBXFrameworksBuildPhase;
			buildActionMask = 2147483647;
			files = (
			);
			runOnlyForDeploymentPostprocessing = 0;
		};
		9580A6222C2EC3B6006EB296 /* Frameworks */ = {
			isa = PBXFrameworksBuildPhase;
			buildActionMask = 2147483647;
			files = (
			);
			runOnlyForDeploymentPostprocessing = 0;
		};
/* End PBXFrameworksBuildPhase section */

/* Begin PBXGroup section */
		9580A6022C2EC3B5006EB296 = {
			isa = PBXGroup;
			children = (
				9580A60D2C2EC3B5006EB296 /* AudioRecorderRahulR */,
				9580A61E2C2EC3B6006EB296 /* AudioRecorderRahulRTests */,
				9580A6282C2EC3B6006EB296 /* AudioRecorderRahulRUITests */,
				9580A60C2C2EC3B5006EB296 /* Products */,
			);
			sourceTree = "<group>";
		};
		9580A60C2C2EC3B5006EB296 /* Products */ = {
			isa = PBXGroup;
			children = (
				9580A60B2C2EC3B5006EB296 /* AudioRecorderRahulR.app */,
				9580A61B2C2EC3B6006EB296 /* AudioRecorderRahulRTests.xctest */,
				9580A6252C2EC3B6006EB296 /* AudioRecorderRahulRUITests.xctest */,
			);
			name = Products;
			sourceTree = "<group>";
		};
		9580A60D2C2EC3B5006EB296 /* AudioRecorderRahulR */ = {
			isa = PBXGroup;
			children = (
				9580A60E2C2EC3B5006EB296 /* AudioRecorderRahulRApp.swift */,
				9580A6102C2EC3B5006EB296 /* ContentView.swift */,
				9580A6122C2EC3B6006EB296 /* Assets.xcassets */,
				9580A6142C2EC3B6006EB296 /* Preview Content */,
			);
			path = AudioRecorderRahulR;
			sourceTree = "<group>";
		};
		9580A6142C2EC3B6006EB296 /* Preview Content */ = {
			isa = PBXGroup;
			children = (
				9580A6152C2EC3B6006EB296 /* Preview Assets.xcassets */,
			);
			path = "Preview Content";
			sourceTree = "<group>";
		};
		9580A61E2C2EC3B6006EB296 /* AudioRecorderRahulRTests */ = {
			isa = PBXGroup;
			children = (
				9580A61F2C2EC3B6006EB296 /* AudioRecorderRahulRTests.swift */,
			);
			path = AudioRecorderRahulRTests;
			sourceTree = "<group>";
		};
		9580A6282C2EC3B6006EB296 /* AudioRecorderRahulRUITests */ = {
			isa = PBXGroup;
			children = (
				9580A6292C2EC3B6006EB296 /* AudioRecorderRahulRUITests.swift */,
				9580A62B2C2EC3B6006EB296 /* AudioRecorderRahulRUITestsLaunchTests.swift */,
			);
			path = AudioRecorderRahulRUITests;
			sourceTree = "<group>";
		};
/* End PBXGroup section */

/* Begin PBXNativeTarget section */
		9580A60A2C2EC3B5006EB296 /* AudioRecorderRahulR */ = {
			isa = PBXNativeTarget;
			buildConfigurationList = 9580A62F2C2EC3B6006EB296 /* Build configuration list for PBXNativeTarget "AudioRecorderRahulR" */;
			buildPhases = (
				9580A6072C2EC3B5006EB296 /* Sources */,
				9580A6082C2EC3B5006EB296 /* Frameworks */,
				9580A6092C2EC3B5006EB296 /* Resources */,
			);
			buildRules = (
			);
			dependencies = (
			);
			name = AudioRecorderRahulR;
			productName = AudioRecorderRahulR;
			productReference = 9580A60B2C2EC3B5006EB296 /* AudioRecorderRahulR.app */;
			productType = "com.apple.product-type.application";
		};
		9580A61A2C2EC3B6006EB296 /* AudioRecorderRahulRTests */ = {
			isa = PBXNativeTarget;
			buildConfigurationList = 9580A6322C2EC3B6006EB296 /* Build configuration list for PBXNativeTarget "AudioRecorderRahulRTests" */;
			buildPhases = (
				9580A6172C2EC3B6006EB296 /* Sources */,
				9580A6182C2EC3B6006EB296 /* Frameworks */,
				9580A6192C2EC3B6006EB296 /* Resources */,
			);
			buildRules = (
			);
			dependencies = (
				9580A61D2C2EC3B6006EB296 /* PBXTargetDependency */,
			);
			name = AudioRecorderRahulRTests;
			productName = AudioRecorderRahulRTests;
			productReference = 9580A61B2C2EC3B6006EB296 /* AudioRecorderRahulRTests.xctest */;
			productType = "com.apple.product-type.bundle.unit-test";
		};
		9580A6242C2EC3B6006EB296 /* AudioRecorderRahulRUITests */ = {
			isa = PBXNativeTarget;
			buildConfigurationList = 9580A6352C2EC3B6006EB296 /* Build configuration list for PBXNativeTarget "AudioRecorderRahulRUITests" */;
			buildPhases = (
				9580A6212C2EC3B6006EB296 /* Sources */,
				9580A6222C2EC3B6006EB296 /* Frameworks */,
				9580A6232C2EC3B6006EB296 /* Resources */,
			);
			buildRules = (
			);
			dependencies = (
				9580A6272C2EC3B6006EB296 /* PBXTargetDependency */,
			);
			name = AudioRecorderRahulRUITests;
			productName = AudioRecorderRahulRUITests;
			productReference = 9580A6252C2EC3B6006EB296 /* AudioRecorderRahulRUITests.xctest */;
			productType = "com.apple.product-type.bundle.ui-testing";
		};
/* End PBXNativeTarget section */

/* Begin PBXProject section */
		9580A6032C2EC3B5006EB296 /* Project object */ = {
			isa = PBXProject;
			attributes = {
				BuildIndependentTargetsInParallel = 1;
				LastSwiftUpdateCheck = 1500;
				LastUpgradeCheck = 1500;
				TargetAttributes = {
					9580A60A2C2EC3B5006EB296 = {
						CreatedOnToolsVersion = 15.0.1;
					};
					9580A61A2C2EC3B6006EB296 = {
						CreatedOnToolsVersion = 15.0.1;
						TestTargetID = 9580A60A2C2EC3B5006EB296;
					};
					9580A6242C2EC3B6006EB296 = {
						CreatedOnToolsVersion = 15.0.1;
						TestTargetID = 9580A60A2C2EC3B5006EB296;
					};
				};
			};
			buildConfigurationList = 9580A6062C2EC3B5006EB296 /* Build configuration list for PBXProject "AudioRecorderRahulR" */;
			compatibilityVersion = "Xcode 14.0";
			developmentRegion = en;
			hasScannedForEncodings = 0;
			knownRegions = (
				en,
				Base,
			);
			mainGroup = 9580A6022C2EC3B5006EB296;
			productRefGroup = 9580A60C2C2EC3B5006EB296 /* Products */;
			projectDirPath = "";
			projectRoot = "";
			targets = (
				9580A60A2C2EC3B5006EB296 /* AudioRecorderRahulR */,
				9580A61A2C2EC3B6006EB296 /* AudioRecorderRahulRTests */,
				9580A6242C2EC3B6006EB296 /* AudioRecorderRahulRUITests */,
			);
		};
/* End PBXProject section */

/* Begin PBXResourcesBuildPhase section */
		9580A6092C2EC3B5006EB296 /* Resources */ = {
			isa = PBXResourcesBuildPhase;
			buildActionMask = 2147483647;
			files = (
				9580A6162C2EC3B6006EB296 /* Preview Assets.xcassets in Resources */,
				9580A6132C2EC3B6006EB296 /* Assets.xcassets in Resources */,
			);
			runOnlyForDeploymentPostprocessing = 0;
		};
		9580A6192C2EC3B6006EB296 /* Resources */ = {
			isa = PBXResourcesBuildPhase;
			buildActionMask = 2147483647;
			files = (
			);
			runOnlyForDeploymentPostprocessing = 0;
		};
		9580A6232C2EC3B6006EB296 /* Resources */ = {
			isa = PBXResourcesBuildPhase;
			buildActionMask = 2147483647;
			files = (
			);
			runOnlyForDeploymentPostprocessing = 0;
		};
/* End PBXResourcesBuildPhase section */

/* Begin PBXSourcesBuildPhase section */
		9580A6072C2EC3B5006EB296 /* Sources */ = {
			isa = PBXSourcesBuildPhase;
			buildActionMask = 2147483647;
			files = (
				9580A6112C2EC3B5006EB296 /* ContentView.swift in Sources */,
				9580A60F2C2EC3B5006EB296 /* AudioRecorderRahulRApp.swift in Sources */,
			);
			runOnlyForDeploymentPostprocessing = 0;
		};
		9580A6172C2EC3B6006EB296 /* Sources */ = {
			isa = PBXSourcesBuildPhase;
			buildActionMask = 2147483647;
			files = (
				9580A6202C2EC3B6006EB296 /* AudioRecorderRahulRTests.swift in Sources */,
			);
			runOnlyForDeploymentPostprocessing = 0;
		};
		9580A6212C2EC3B6006EB296 /* Sources */ = {
			isa = PBXSourcesBuildPhase;
			buildActionMask = 2147483647;
			files = (
				9580A62A2C2EC3B6006EB296 /* AudioRecorderRahulRUITests.swift in Sources */,
				9580A62C2C2EC3B6006EB296 /* AudioRecorderRahulRUITestsLaunchTests.swift in Sources */,
			);
			runOnlyForDeploymentPostprocessing = 0;
		};
/* End PBXSourcesBuildPhase section */

/* Begin PBXTargetDependency section */
		9580A61D2C2EC3B6006EB296 /* PBXTargetDependency */ = {
			isa = PBXTargetDependency;
			target = 9580A60A2C2EC3B5006EB296 /* AudioRecorderRahulR */;
			targetProxy = 9580A61C2C2EC3B6006EB296 /* PBXContainerItemProxy */;
		};
		9580A6272C2EC3B6006EB296 /* PBXTargetDependency */ = {
			isa = PBXTargetDependency;
			target = 9580A60A2C2EC3B5006EB296 /* AudioRecorderRahulR */;
			targetProxy = 9580A6262C2EC3B6006EB296 /* PBXContainerItemProxy */;
		};
/* End PBXTargetDependency section */

/* Begin XCBuildConfiguration section */
		9580A62D2C2EC3B6006EB296 /* Debug */ = {
			isa = XCBuildConfiguration;
			buildSettings = {
				ALWAYS_SEARCH_USER_PATHS = NO;
				ASSETCATALOG_COMPILER_GENERATE_SWIFT_ASSET_SYMBOL_EXTENSIONS = YES;
				CLANG_ANALYZER_NONNULL = YES;
				CLANG_ANALYZER_NUMBER_OBJECT_CONVERSION = YES_AGGRESSIVE;
				CLANG_CXX_LANGUAGE_STANDARD = "gnu++20";
				CLANG_ENABLE_MODULES = YES;
				CLANG_ENABLE_OBJC_ARC = YES;
				CLANG_ENABLE_OBJC_WEAK = YES;
				CLANG_WARN_BLOCK_CAPTURE_AUTORELEASING = YES;
				CLANG_WARN_BOOL_CONVERSION = YES;
				CLANG_WARN_COMMA = YES;
				CLANG_WARN_CONSTANT_CONVERSION = YES;
				CLANG_WARN_DEPRECATED_OBJC_IMPLEMENTATIONS = YES;
				CLANG_WARN_DIRECT_OBJC_ISA_USAGE = YES_ERROR;
				CLANG_WARN_DOCUMENTATION_COMMENTS = YES;
				CLANG_WARN_EMPTY_BODY = YES;
				CLANG_WARN_ENUM_CONVERSION = YES;
				CLANG_WARN_INFINITE_RECURSION = YES;
				CLANG_WARN_INT_CONVERSION = YES;
				CLANG_WARN_NON_LITERAL_NULL_CONVERSION = YES;
				CLANG_WARN_OBJC_IMPLICIT_RETAIN_SELF = YES;
				CLANG_WARN_OBJC_LITERAL_CONVERSION = YES;
				CLANG_WARN_OBJC_ROOT_CLASS = YES_ERROR;
				CLANG_WARN_QUOTED_INCLUDE_IN_FRAMEWORK_HEADER = YES;
				CLANG_WARN_RANGE_LOOP_ANALYSIS = YES;
				CLANG_WARN_STRICT_PROTOTYPES = YES;
				CLANG_WARN_SUSPICIOUS_MOVE = YES;
				CLANG_WARN_UNGUARDED_AVAILABILITY = YES_AGGRESSIVE;
				CLANG_WARN_UNREACHABLE_CODE = YES;
				CLANG_WARN__DUPLICATE_METHOD_MATCH = YES;
				COPY_PHASE_STRIP = NO;
				DEBUG_INFORMATION_FORMAT = dwarf;
				ENABLE_STRICT_OBJC_MSGSEND = YES;
				ENABLE_TESTABILITY = YES;
				ENABLE_USER_SCRIPT_SANDBOXING = YES;
				GCC_C_LANGUAGE_STANDARD = gnu17;
				GCC_DYNAMIC_NO_PIC = NO;
				GCC_NO_COMMON_BLOCKS = YES;
				GCC_OPTIMIZATION_LEVEL = 0;
				GCC_PREPROCESSOR_DEFINITIONS = (
					"DEBUG=1",
					"$(inherited)",
				);
				GCC_WARN_64_TO_32_BIT_CONVERSION = YES;
				GCC_WARN_ABOUT_RETURN_TYPE = YES_ERROR;
				GCC_WARN_UNDECLARED_SELECTOR = YES;
				GCC_WARN_UNINITIALIZED_AUTOS = YES_AGGRESSIVE;
				GCC_WARN_UNUSED_FUNCTION = YES;
				GCC_WARN_UNUSED_VARIABLE = YES;
				IPHONEOS_DEPLOYMENT_TARGET = 17.0;
				LOCALIZATION_PREFERS_STRING_CATALOGS = YES;
				MTL_ENABLE_DEBUG_INFO = INCLUDE_SOURCE;
				MTL_FAST_MATH = YES;
				ONLY_ACTIVE_ARCH = YES;
				SDKROOT = iphoneos;
				SWIFT_ACTIVE_COMPILATION_CONDITIONS = "DEBUG $(inherited)";
				SWIFT_OPTIMIZATION_LEVEL = "-Onone";
			};
			name = Debug;
		};
		9580A62E2C2EC3B6006EB296 /* Release */ = {
			isa = XCBuildConfiguration;
			buildSettings = {
				ALWAYS_SEARCH_USER_PATHS = NO;
				ASSETCATALOG_COMPILER_GENERATE_SWIFT_ASSET_SYMBOL_EXTENSIONS = YES;
				CLANG_ANALYZER_NONNULL = YES;
				CLANG_ANALYZER_NUMBER_OBJECT_CONVERSION = YES_AGGRESSIVE;
				CLANG_CXX_LANGUAGE_STANDARD = "gnu++20";
				CLANG_ENABLE_MODULES = YES;
				CLANG_ENABLE_OBJC_ARC = YES;
				CLANG_ENABLE_OBJC_WEAK = YES;
				CLANG_WARN_BLOCK_CAPTURE_AUTORELEASING = YES;
				CLANG_WARN_BOOL_CONVERSION = YES;
				CLANG_WARN_COMMA = YES;
				CLANG_WARN_CONSTANT_CONVERSION = YES;
				CLANG_WARN_DEPRECATED_OBJC_IMPLEMENTATIONS = YES;
				CLANG_WARN_DIRECT_OBJC_ISA_USAGE = YES_ERROR;
				CLANG_WARN_DOCUMENTATION_COMMENTS = YES;
				CLANG_WARN_EMPTY_BODY = YES;
				CLANG_WARN_ENUM_CONVERSION = YES;
				CLANG_WARN_INFINITE_RECURSION = YES;
				CLANG_WARN_INT_CONVERSION = YES;
				CLANG_WARN_NON_LITERAL_NULL_CONVERSION = YES;
				CLANG_WARN_OBJC_IMPLICIT_RETAIN_SELF = YES;
				CLANG_WARN_OBJC_LITERAL_CONVERSION = YES;
				CLANG_WARN_OBJC_ROOT_CLASS = YES_ERROR;
				CLANG_WARN_QUOTED_INCLUDE_IN_FRAMEWORK_HEADER = YES;
				CLANG_WARN_RANGE_LOOP_ANALYSIS = YES;
				CLANG_WARN_STRICT_PROTOTYPES = YES;
				CLANG_WARN_SUSPICIOUS_MOVE = YES;
				CLANG_WARN_UNGUARDED_AVAILABILITY = YES_AGGRESSIVE;
				CLANG_WARN_UNREACHABLE_CODE = YES;
				CLANG_WARN__DUPLICATE_METHOD_MATCH = YES;
				COPY_PHASE_STRIP = NO;
				DEBUG_INFORMATION_FORMAT = "dwarf-with-dsym";
				ENABLE_NS_ASSERTIONS = NO;
				ENABLE_STRICT_OBJC_MSGSEND = YES;
				ENABLE_USER_SCRIPT_SANDBOXING = YES;
				GCC_C_LANGUAGE_STANDARD = gnu17;
				GCC_NO_COMMON_BLOCKS = YES;
				GCC_WARN_64_TO_32_BIT_CONVERSION = YES;
				GCC_WARN_ABOUT_RETURN_TYPE = YES_ERROR;
				GCC_WARN_UNDECLARED_SELECTOR = YES;
				GCC_WARN_UNINITIALIZED_AUTOS = YES_AGGRESSIVE;
				GCC_WARN_UNUSED_FUNCTION = YES;
				GCC_WARN_UNUSED_VARIABLE = YES;
				IPHONEOS_DEPLOYMENT_TARGET = 17.0;
				LOCALIZATION_PREFERS_STRING_CATALOGS = YES;
				MTL_ENABLE_DEBUG_INFO = NO;
				MTL_FAST_MATH = YES;
				SDKROOT = iphoneos;
				SWIFT_COMPILATION_MODE = wholemodule;
				VALIDATE_PRODUCT = YES;
			};
			name = Release;
		};
		9580A6302C2EC3B6006EB296 /* Debug */ = {
			isa = XCBuildConfiguration;
			buildSettings = {
				ASSETCATALOG_COMPILER_APPICON_NAME = AppIcon;
				ASSETCATALOG_COMPILER_GLOBAL_ACCENT_COLOR_NAME = AccentColor;
				CODE_SIGN_STYLE = Automatic;
				CURRENT_PROJECT_VERSION = 1;
				DEVELOPMENT_ASSET_PATHS = "\"AudioRecorderRahulR/Preview Content\"";
				DEVELOPMENT_TEAM = W8VDFQDAT3;
				ENABLE_PREVIEWS = YES;
				GENERATE_INFOPLIST_FILE = YES;
				INFOPLIST_KEY_UIApplicationSceneManifest_Generation = YES;
				INFOPLIST_KEY_UIApplicationSupportsIndirectInputEvents = YES;
				INFOPLIST_KEY_UILaunchScreen_Generation = YES;
				INFOPLIST_KEY_UISupportedInterfaceOrientations_iPad = "UIInterfaceOrientationPortrait UIInterfaceOrientationPortraitUpsideDown UIInterfaceOrientationLandscapeLeft UIInterfaceOrientationLandscapeRight";
				INFOPLIST_KEY_UISupportedInterfaceOrientations_iPhone = "UIInterfaceOrientationPortrait UIInterfaceOrientationLandscapeLeft UIInterfaceOrientationLandscapeRight";
				LD_RUNPATH_SEARCH_PATHS = (
					"$(inherited)",
					"@executable_path/Frameworks",
				);
				MARKETING_VERSION = 1.0;
				PRODUCT_BUNDLE_IDENTIFIER = com.idev.AudioRecorderRahulR;
				PRODUCT_NAME = "$(TARGET_NAME)";
				SWIFT_EMIT_LOC_STRINGS = YES;
				SWIFT_VERSION = 5.0;
				TARGETED_DEVICE_FAMILY = "1,2";
			};
			name = Debug;
		};
		9580A6312C2EC3B6006EB296 /* Release */ = {
			isa = XCBuildConfiguration;
			buildSettings = {
				ASSETCATALOG_COMPILER_APPICON_NAME = AppIcon;
				ASSETCATALOG_COMPILER_GLOBAL_ACCENT_COLOR_NAME = AccentColor;
				CODE_SIGN_STYLE = Automatic;
				CURRENT_PROJECT_VERSION = 1;
				DEVELOPMENT_ASSET_PATHS = "\"AudioRecorderRahulR/Preview Content\"";
				DEVELOPMENT_TEAM = W8VDFQDAT3;
				ENABLE_PREVIEWS = YES;
				GENERATE_INFOPLIST_FILE = YES;
				INFOPLIST_KEY_UIApplicationSceneManifest_Generation = YES;
				INFOPLIST_KEY_UIApplicationSupportsIndirectInputEvents = YES;
				INFOPLIST_KEY_UILaunchScreen_Generation = YES;
				INFOPLIST_KEY_UISupportedInterfaceOrientations_iPad = "UIInterfaceOrientationPortrait UIInterfaceOrientationPortraitUpsideDown UIInterfaceOrientationLandscapeLeft UIInterfaceOrientationLandscapeRight";
				INFOPLIST_KEY_UISupportedInterfaceOrientations_iPhone = "UIInterfaceOrientationPortrait UIInterfaceOrientationLandscapeLeft UIInterfaceOrientationLandscapeRight";
				LD_RUNPATH_SEARCH_PATHS = (
					"$(inherited)",
					"@executable_path/Frameworks",
				);
				MARKETING_VERSION = 1.0;
				PRODUCT_BUNDLE_IDENTIFIER = com.idev.AudioRecorderRahulR;
				PRODUCT_NAME = "$(TARGET_NAME)";
				SWIFT_EMIT_LOC_STRINGS = YES;
				SWIFT_VERSION = 5.0;
				TARGETED_DEVICE_FAMILY = "1,2";
			};
			name = Release;
		};
		9580A6332C2EC3B6006EB296 /* Debug */ = {
			isa = XCBuildConfiguration;
			buildSettings = {
				ALWAYS_EMBED_SWIFT_STANDARD_LIBRARIES = YES;
				BUNDLE_LOADER = "$(TEST_HOST)";
				CODE_SIGN_STYLE = Automatic;
				CURRENT_PROJECT_VERSION = 1;
				DEVELOPMENT_TEAM = W8VDFQDAT3;
				GENERATE_INFOPLIST_FILE = YES;
				IPHONEOS_DEPLOYMENT_TARGET = 17.0;
				MARKETING_VERSION = 1.0;
				PRODUCT_BUNDLE_IDENTIFIER = com.idev.AudioRecorderRahulRTests;
				PRODUCT_NAME = "$(TARGET_NAME)";
				SWIFT_EMIT_LOC_STRINGS = NO;
				SWIFT_VERSION = 5.0;
				TARGETED_DEVICE_FAMILY = "1,2";
				TEST_HOST = "$(BUILT_PRODUCTS_DIR)/AudioRecorderRahulR.app/$(BUNDLE_EXECUTABLE_FOLDER_PATH)/AudioRecorderRahulR";
			};
			name = Debug;
		};
		9580A6342C2EC3B6006EB296 /* Release */ = {
			isa = XCBuildConfiguration;
			buildSettings = {
				ALWAYS_EMBED_SWIFT_STANDARD_LIBRARIES = YES;
				BUNDLE_LOADER = "$(TEST_HOST)";
				CODE_SIGN_STYLE = Automatic;
				CURRENT_PROJECT_VERSION = 1;
				DEVELOPMENT_TEAM = W8VDFQDAT3;
				GENERATE_INFOPLIST_FILE = YES;
				IPHONEOS_DEPLOYMENT_TARGET = 17.0;
				MARKETING_VERSION = 1.0;
				PRODUCT_BUNDLE_IDENTIFIER = com.idev.AudioRecorderRahulRTests;
				PRODUCT_NAME = "$(TARGET_NAME)";
				SWIFT_EMIT_LOC_STRINGS = NO;
				SWIFT_VERSION = 5.0;
				TARGETED_DEVICE_FAMILY = "1,2";
				TEST_HOST = "$(BUILT_PRODUCTS_DIR)/AudioRecorderRahulR.app/$(BUNDLE_EXECUTABLE_FOLDER_PATH)/AudioRecorderRahulR";
			};
			name = Release;
		};
		9580A6362C2EC3B6006EB296 /* Debug */ = {
			isa = XCBuildConfiguration;
			buildSettings = {
				ALWAYS_EMBED_SWIFT_STANDARD_LIBRARIES = YES;
				CODE_SIGN_STYLE = Automatic;
				CURRENT_PROJECT_VERSION = 1;
				DEVELOPMENT_TEAM = W8VDFQDAT3;
				GENERATE_INFOPLIST_FILE = YES;
				MARKETING_VERSION = 1.0;
				PRODUCT_BUNDLE_IDENTIFIER = com.idev.AudioRecorderRahulRUITests;
				PRODUCT_NAME = "$(TARGET_NAME)";
				SWIFT_EMIT_LOC_STRINGS = NO;
				SWIFT_VERSION = 5.0;
				TARGETED_DEVICE_FAMILY = "1,2";
				TEST_TARGET_NAME = AudioRecorderRahulR;
			};
			name = Debug;
		};
		9580A6372C2EC3B6006EB296 /* Release */ = {
			isa = XCBuildConfiguration;
			buildSettings = {
				ALWAYS_EMBED_SWIFT_STANDARD_LIBRARIES = YES;
				CODE_SIGN_STYLE = Automatic;
				CURRENT_PROJECT_VERSION = 1;
				DEVELOPMENT_TEAM = W8VDFQDAT3;
				GENERATE_INFOPLIST_FILE = YES;
				MARKETING_VERSION = 1.0;
				PRODUCT_BUNDLE_IDENTIFIER = com.idev.AudioRecorderRahulRUITests;
				PRODUCT_NAME = "$(TARGET_NAME)";
				SWIFT_EMIT_LOC_STRINGS = NO;
				SWIFT_VERSION = 5.0;
				TARGETED_DEVICE_FAMILY = "1,2";
				TEST_TARGET_NAME = AudioRecorderRahulR;
			};
			name = Release;
		};
/* End XCBuildConfiguration section */

/* Begin XCConfigurationList section */
		9580A6062C2EC3B5006EB296 /* Build configuration list for PBXProject "AudioRecorderRahulR" */ = {
			isa = XCConfigurationList;
			buildConfigurations = (
				9580A62D2C2EC3B6006EB296 /* Debug */,
				9580A62E2C2EC3B6006EB296 /* Release */,
			);
			defaultConfigurationIsVisible = 0;
			defaultConfigurationName = Release;
		};
		9580A62F2C2EC3B6006EB296 /* Build configuration list for PBXNativeTarget "AudioRecorderRahulR" */ = {
			isa = XCConfigurationList;
			buildConfigurations = (
				9580A6302C2EC3B6006EB296 /* Debug */,
				9580A6312C2EC3B6006EB296 /* Release */,
			);
			defaultConfigurationIsVisible = 0;
			defaultConfigurationName = Release;
		};
		9580A6322C2EC3B6006EB296 /* Build configuration list for PBXNativeTarget "AudioRecorderRahulRTests" */ = {
			isa = XCConfigurationList;
			buildConfigurations = (
				9580A6332C2EC3B6006EB296 /* Debug */,
				9580A6342C2EC3B6006EB296 /* Release */,
			);
			defaultConfigurationIsVisible = 0;
			defaultConfigurationName = Release;
		};
		9580A6352C2EC3B6006EB296 /* Build configuration list for PBXNativeTarget "AudioRecorderRahulRUITests" */ = {
			isa = XCConfigurationList;
			buildConfigurations = (
				9580A6362C2EC3B6006EB296 /* Debug */,
				9580A6372C2EC3B6006EB296 /* Release */,
			);
			defaultConfigurationIsVisible = 0;
			defaultConfigurationName = Release;
		};
/* End XCConfigurationList section */
	};
	rootObject = 9580A6032C2EC3B5006EB296 /* Project object */;
}
